
Microsoft Visual Studio Solution File, Format Version 12.00
# Visual Studio Version 17
VisualStudioVersion = 17.0.31903.59
MinimumVisualStudioVersion = 10.0.40219.1
Project("{FAE04EC0-301F-11D3-BF4B-00C04F79EFBC}") = "ClassLib", "ClassLib\ClassLib.csproj", "{56AF1FFB-DFF0-434E-99E1-547CACB55C08}"
EndProject
Project("{FAE04EC0-301F-11D3-BF4B-00C04F79EFBC}") = "WebApp", "WebApp\WebApp.csproj", "{5D751ED9-96FF-4C81-BCB9-F16E369CCD33}"
EndProject
Global
	GlobalSection(SolutionConfigurationPlatforms) = preSolution
		Debug|Any CPU = Debug|Any CPU
		Release|Any CPU = Release|Any CPU
	EndGlobalSection
	GlobalSection(SolutionProperties) = preSolution
		HideSolutionNode = FALSE
	EndGlobalSection
	GlobalSection(ProjectConfigurationPlatforms) = postSolution
		{56AF1FFB-DFF0-434E-99E1-547CACB55C08}.Debug|Any CPU.ActiveCfg = Debug|Any CPU
		{56AF1FFB-DFF0-434E-99E1-547CACB55C08}.Debug|Any CPU.Build.0 = Debug|Any CPU
		{56AF1FFB-DFF0-434E-99E1-547CACB55C08}.Release|Any CPU.ActiveCfg = Release|Any CPU
		{56AF1FFB-DFF0-434E-99E1-547CACB55C08}.Release|Any CPU.Build.0 = Release|Any CPU
		{5D751ED9-96FF-4C81-BCB9-F16E369CCD33}.Debug|Any CPU.ActiveCfg = Debug|Any CPU
		{5D751ED9-96FF-4C81-BCB9-F16E369CCD33}.Debug|Any CPU.Build.0 = Debug|Any CPU
		{5D751ED9-96FF-4C81-BCB9-F16E369CCD33}.Release|Any CPU.ActiveCfg = Release|Any CPU
		{5D751ED9-96FF-4C81-BCB9-F16E369CCD33}.Release|Any CPU.Build.0 = Release|Any CPU
	EndGlobalSection
EndGlobal
